
Microsoft Visual Studio Solution File, Format Version 12.00
# Visual Studio 14
VisualStudioVersion = 14.0.25420.1
MinimumVisualStudioVersion = 10.0.40219.1
Project("{FAE04EC0-301F-11D3-BF4B-00C04F79EFBC}") = "ExtendMethods", "Common\ExtendMethods.csproj", "{DA48253B-AED1-4581-9AD9-CA45B4C04897}"
EndProject
Project("{FAE04EC0-301F-11D3-BF4B-00C04F79EFBC}") = "MyUI", "MyUI\MyUI.csproj", "{48443BDC-CD71-47A3-91C1-5ABDA3B37B08}"
EndProject
Project("{FAE04EC0-301F-11D3-BF4B-00C04F79EFBC}") = "MyWPF", "MyWPF\MyWPF.csproj", "{A4E27AD6-AEDB-4551-8E22-CA7494ECFB90}"
EndProject
Project("{FAE04EC0-301F-11D3-BF4B-00C04F79EFBC}") = "MyAsp", "MyAsp\MyAsp.csproj", "{6634BA57-86A0-4EA2-B3F2-1107758EB7D7}"
EndProject
Project("{FAE04EC0-301F-11D3-BF4B-00C04F79EFBC}") = "GenericTest", "GenericTest\GenericTest.csproj", "{C2766CEF-BC8E-46F0-B45D-44C3B1B02351}"
EndProject
Project("{FAE04EC0-301F-11D3-BF4B-00C04F79EFBC}") = "ReflectionStudy", "ReflectionStudy\ReflectionStudy.csproj", "{FE293C6A-B145-4574-8A2F-D1A71CBD70B8}"
EndProject
Project("{FAE04EC0-301F-11D3-BF4B-00C04F79EFBC}") = "WcfService", "WcfService\WcfService.csproj", "{F12EF628-2505-4EA3-80AA-165C6CFF3055}"
EndProject
Project("{FAE04EC0-301F-11D3-BF4B-00C04F79EFBC}") = "MyMVCDemo", "MyMVCDemo\MyMVCDemo.csproj", "{DE425662-78DB-408D-8CBD-F9C6566357F6}"
EndProject
Project("{FAE04EC0-301F-11D3-BF4B-00C04F79EFBC}") = "AspNetMvc.QuickStart", "AspNetMvc.QuickStart\AspNetMvc.QuickStart.csproj", "{F9BB4640-4A90-418F-AD32-2DB4F2F531D1}"
EndProject
Project("{FAE04EC0-301F-11D3-BF4B-00C04F79EFBC}") = "ThreadStudy", "ThreadStudy\ThreadStudy.csproj", "{9DEF3A44-6490-40B4-B2D7-402B93559B41}"
EndProject
Project("{FAE04EC0-301F-11D3-BF4B-00C04F79EFBC}") = "MEFDemo", "MEFDemo\MEFDemo.csproj", "{D94F5FEC-58E5-4C9F-9CD4-ED6BE24E94DA}"
EndProject
Project("{2150E333-8FDC-42A3-9474-1A3956D46DE8}") = "MEF", "MEF", "{6AFDA9EA-8EB9-420F-B48A-5A53E0096349}"
EndProject
Project("{FAE04EC0-301F-11D3-BF4B-00C04F79EFBC}") = "BankInterface", "BankInterface\BankInterface.csproj", "{55AE6F2B-97BD-449F-BDC4-182FDC68C86B}"
EndProject
Project("{FAE04EC0-301F-11D3-BF4B-00C04F79EFBC}") = "BankOfChina", "BankOfChina\BankOfChina.csproj", "{B9BA8840-3AB4-4771-81BF-E87B8B8EAA8F}"
EndProject
Project("{FAE04EC0-301F-11D3-BF4B-00C04F79EFBC}") = "BankAgricultural", "BankAgricultural\BankAgricultural.csproj", "{465EBCE0-F98E-4625-ACFB-F7D39559C5DA}"
EndProject
Global
	GlobalSection(SolutionConfigurationPlatforms) = preSolution
		Debug|Any CPU = Debug|Any CPU
		Debug|x86 = Debug|x86
		Release|Any CPU = Release|Any CPU
		Release|x86 = Release|x86
	EndGlobalSection
	GlobalSection(ProjectConfigurationPlatforms) = postSolution
		{DA48253B-AED1-4581-9AD9-CA45B4C04897}.Debug|Any CPU.ActiveCfg = Debug|Any CPU
		{DA48253B-AED1-4581-9AD9-CA45B4C04897}.Debug|Any CPU.Build.0 = Debug|Any CPU
		{DA48253B-AED1-4581-9AD9-CA45B4C04897}.Debug|x86.ActiveCfg = Debug|Any CPU
		{DA48253B-AED1-4581-9AD9-CA45B4C04897}.Debug|x86.Build.0 = Debug|Any CPU
		{DA48253B-AED1-4581-9AD9-CA45B4C04897}.Release|Any CPU.ActiveCfg = Release|Any CPU
		{DA48253B-AED1-4581-9AD9-CA45B4C04897}.Release|Any CPU.Build.0 = Release|Any CPU
		{DA48253B-AED1-4581-9AD9-CA45B4C04897}.Release|x86.ActiveCfg = Release|Any CPU
		{DA48253B-AED1-4581-9AD9-CA45B4C04897}.Release|x86.Build.0 = Release|Any CPU
		{48443BDC-CD71-47A3-91C1-5ABDA3B37B08}.Debug|Any CPU.ActiveCfg = Debug|Any CPU
		{48443BDC-CD71-47A3-91C1-5ABDA3B37B08}.Debug|Any CPU.Build.0 = Debug|Any CPU
		{48443BDC-CD71-47A3-91C1-5ABDA3B37B08}.Debug|x86.ActiveCfg = Debug|Any CPU
		{48443BDC-CD71-47A3-91C1-5ABDA3B37B08}.Debug|x86.Build.0 = Debug|Any CPU
		{48443BDC-CD71-47A3-91C1-5ABDA3B37B08}.Release|Any CPU.ActiveCfg = Release|Any CPU
		{48443BDC-CD71-47A3-91C1-5ABDA3B37B08}.Release|Any CPU.Build.0 = Release|Any CPU
		{48443BDC-CD71-47A3-91C1-5ABDA3B37B08}.Release|x86.ActiveCfg = Release|Any CPU
		{48443BDC-CD71-47A3-91C1-5ABDA3B37B08}.Release|x86.Build.0 = Release|Any CPU
		{A4E27AD6-AEDB-4551-8E22-CA7494ECFB90}.Debug|Any CPU.ActiveCfg = Debug|x86
		{A4E27AD6-AEDB-4551-8E22-CA7494ECFB90}.Debug|x86.ActiveCfg = Debug|x86
		{A4E27AD6-AEDB-4551-8E22-CA7494ECFB90}.Debug|x86.Build.0 = Debug|x86
		{A4E27AD6-AEDB-4551-8E22-CA7494ECFB90}.Release|Any CPU.ActiveCfg = Release|x86
		{A4E27AD6-AEDB-4551-8E22-CA7494ECFB90}.Release|x86.ActiveCfg = Release|x86
		{A4E27AD6-AEDB-4551-8E22-CA7494ECFB90}.Release|x86.Build.0 = Release|x86
		{6634BA57-86A0-4EA2-B3F2-1107758EB7D7}.Debug|Any CPU.ActiveCfg = Debug|Any CPU
		{6634BA57-86A0-4EA2-B3F2-1107758EB7D7}.Debug|Any CPU.Build.0 = Debug|Any CPU
		{6634BA57-86A0-4EA2-B3F2-1107758EB7D7}.Debug|x86.ActiveCfg = Debug|Any CPU
		{6634BA57-86A0-4EA2-B3F2-1107758EB7D7}.Debug|x86.Build.0 = Debug|Any CPU
		{6634BA57-86A0-4EA2-B3F2-1107758EB7D7}.Release|Any CPU.ActiveCfg = Release|Any CPU
		{6634BA57-86A0-4EA2-B3F2-1107758EB7D7}.Release|Any CPU.Build.0 = Release|Any CPU
		{6634BA57-86A0-4EA2-B3F2-1107758EB7D7}.Release|x86.ActiveCfg = Release|Any CPU
		{6634BA57-86A0-4EA2-B3F2-1107758EB7D7}.Release|x86.Build.0 = Release|Any CPU
		{C2766CEF-BC8E-46F0-B45D-44C3B1B02351}.Debug|Any CPU.ActiveCfg = Debug|Any CPU
		{C2766CEF-BC8E-46F0-B45D-44C3B1B02351}.Debug|Any CPU.Build.0 = Debug|Any CPU
		{C2766CEF-BC8E-46F0-B45D-44C3B1B02351}.Debug|x86.ActiveCfg = Debug|Any CPU
		{C2766CEF-BC8E-46F0-B45D-44C3B1B02351}.Debug|x86.Build.0 = Debug|Any CPU
		{C2766CEF-BC8E-46F0-B45D-44C3B1B02351}.Release|Any CPU.ActiveCfg = Release|Any CPU
		{C2766CEF-BC8E-46F0-B45D-44C3B1B02351}.Release|Any CPU.Build.0 = Release|Any CPU
		{C2766CEF-BC8E-46F0-B45D-44C3B1B02351}.Release|x86.ActiveCfg = Release|Any CPU
		{C2766CEF-BC8E-46F0-B45D-44C3B1B02351}.Release|x86.Build.0 = Release|Any CPU
		{FE293C6A-B145-4574-8A2F-D1A71CBD70B8}.Debug|Any CPU.ActiveCfg = Debug|Any CPU
		{FE293C6A-B145-4574-8A2F-D1A71CBD70B8}.Debug|Any CPU.Build.0 = Debug|Any CPU
		{FE293C6A-B145-4574-8A2F-D1A71CBD70B8}.Debug|x86.ActiveCfg = Debug|Any CPU
		{FE293C6A-B145-4574-8A2F-D1A71CBD70B8}.Debug|x86.Build.0 = Debug|Any CPU
		{FE293C6A-B145-4574-8A2F-D1A71CBD70B8}.Release|Any CPU.ActiveCfg = Release|Any CPU
		{FE293C6A-B145-4574-8A2F-D1A71CBD70B8}.Release|Any CPU.Build.0 = Release|Any CPU
		{FE293C6A-B145-4574-8A2F-D1A71CBD70B8}.Release|x86.ActiveCfg = Release|Any CPU
		{FE293C6A-B145-4574-8A2F-D1A71CBD70B8}.Release|x86.Build.0 = Release|Any CPU
		{F12EF628-2505-4EA3-80AA-165C6CFF3055}.Debug|Any CPU.ActiveCfg = Debug|Any CPU
		{F12EF628-2505-4EA3-80AA-165C6CFF3055}.Debug|Any CPU.Build.0 = Debug|Any CPU
		{F12EF628-2505-4EA3-80AA-165C6CFF3055}.Debug|x86.ActiveCfg = Debug|Any CPU
		{F12EF628-2505-4EA3-80AA-165C6CFF3055}.Debug|x86.Build.0 = Debug|Any CPU
		{F12EF628-2505-4EA3-80AA-165C6CFF3055}.Release|Any CPU.ActiveCfg = Release|Any CPU
		{F12EF628-2505-4EA3-80AA-165C6CFF3055}.Release|Any CPU.Build.0 = Release|Any CPU
		{F12EF628-2505-4EA3-80AA-165C6CFF3055}.Release|x86.ActiveCfg = Release|Any CPU
		{F12EF628-2505-4EA3-80AA-165C6CFF3055}.Release|x86.Build.0 = Release|Any CPU
		{DE425662-78DB-408D-8CBD-F9C6566357F6}.Debug|Any CPU.ActiveCfg = Debug|Any CPU
		{DE425662-78DB-408D-8CBD-F9C6566357F6}.Debug|Any CPU.Build.0 = Debug|Any CPU
		{DE425662-78DB-408D-8CBD-F9C6566357F6}.Debug|x86.ActiveCfg = Debug|Any CPU
		{DE425662-78DB-408D-8CBD-F9C6566357F6}.Debug|x86.Build.0 = Debug|Any CPU
		{DE425662-78DB-408D-8CBD-F9C6566357F6}.Release|Any CPU.ActiveCfg = Release|Any CPU
		{DE425662-78DB-408D-8CBD-F9C6566357F6}.Release|Any CPU.Build.0 = Release|Any CPU
		{DE425662-78DB-408D-8CBD-F9C6566357F6}.Release|x86.ActiveCfg = Release|Any CPU
		{DE425662-78DB-408D-8CBD-F9C6566357F6}.Release|x86.Build.0 = Release|Any CPU
		{F9BB4640-4A90-418F-AD32-2DB4F2F531D1}.Debug|Any CPU.ActiveCfg = Debug|Any CPU
		{F9BB4640-4A90-418F-AD32-2DB4F2F531D1}.Debug|Any CPU.Build.0 = Debug|Any CPU
		{F9BB4640-4A90-418F-AD32-2DB4F2F531D1}.Debug|x86.ActiveCfg = Debug|Any CPU
		{F9BB4640-4A90-418F-AD32-2DB4F2F531D1}.Debug|x86.Build.0 = Debug|Any CPU
		{F9BB4640-4A90-418F-AD32-2DB4F2F531D1}.Release|Any CPU.ActiveCfg = Release|Any CPU
		{F9BB4640-4A90-418F-AD32-2DB4F2F531D1}.Release|Any CPU.Build.0 = Release|Any CPU
		{F9BB4640-4A90-418F-AD32-2DB4F2F531D1}.Release|x86.ActiveCfg = Release|Any CPU
		{F9BB4640-4A90-418F-AD32-2DB4F2F531D1}.Release|x86.Build.0 = Release|Any CPU
		{9DEF3A44-6490-40B4-B2D7-402B93559B41}.Debug|Any CPU.ActiveCfg = Debug|Any CPU
		{9DEF3A44-6490-40B4-B2D7-402B93559B41}.Debug|Any CPU.Build.0 = Debug|Any CPU
		{9DEF3A44-6490-40B4-B2D7-402B93559B41}.Debug|x86.ActiveCfg = Debug|Any CPU
		{9DEF3A44-6490-40B4-B2D7-402B93559B41}.Debug|x86.Build.0 = Debug|Any CPU
		{9DEF3A44-6490-40B4-B2D7-402B93559B41}.Release|Any CPU.ActiveCfg = Release|Any CPU
		{9DEF3A44-6490-40B4-B2D7-402B93559B41}.Release|Any CPU.Build.0 = Release|Any CPU
		{9DEF3A44-6490-40B4-B2D7-402B93559B41}.Release|x86.ActiveCfg = Release|Any CPU
		{9DEF3A44-6490-40B4-B2D7-402B93559B41}.Release|x86.Build.0 = Release|Any CPU
		{D94F5FEC-58E5-4C9F-9CD4-ED6BE24E94DA}.Debug|Any CPU.ActiveCfg = Debug|Any CPU
		{D94F5FEC-58E5-4C9F-9CD4-ED6BE24E94DA}.Debug|Any CPU.Build.0 = Debug|Any CPU
		{D94F5FEC-58E5-4C9F-9CD4-ED6BE24E94DA}.Debug|x86.ActiveCfg = Debug|Any CPU
		{D94F5FEC-58E5-4C9F-9CD4-ED6BE24E94DA}.Debug|x86.Build.0 = Debug|Any CPU
		{D94F5FEC-58E5-4C9F-9CD4-ED6BE24E94DA}.Release|Any CPU.ActiveCfg = Release|Any CPU
		{D94F5FEC-58E5-4C9F-9CD4-ED6BE24E94DA}.Release|Any CPU.Build.0 = Release|Any CPU
		{D94F5FEC-58E5-4C9F-9CD4-ED6BE24E94DA}.Release|x86.ActiveCfg = Release|Any CPU
		{D94F5FEC-58E5-4C9F-9CD4-ED6BE24E94DA}.Release|x86.Build.0 = Release|Any CPU
		{55AE6F2B-97BD-449F-BDC4-182FDC68C86B}.Debug|Any CPU.ActiveCfg = Debug|Any CPU
		{55AE6F2B-97BD-449F-BDC4-182FDC68C86B}.Debug|Any CPU.Build.0 = Debug|Any CPU
		{55AE6F2B-97BD-449F-BDC4-182FDC68C86B}.Debug|x86.ActiveCfg = Debug|Any CPU
		{55AE6F2B-97BD-449F-BDC4-182FDC68C86B}.Debug|x86.Build.0 = Debug|Any CPU
		{55AE6F2B-97BD-449F-BDC4-182FDC68C86B}.Release|Any CPU.ActiveCfg = Release|Any CPU
		{55AE6F2B-97BD-449F-BDC4-182FDC68C86B}.Release|Any CPU.Build.0 = Release|Any CPU
		{55AE6F2B-97BD-449F-BDC4-182FDC68C86B}.Release|x86.ActiveCfg = Release|Any CPU
		{55AE6F2B-97BD-449F-BDC4-182FDC68C86B}.Release|x86.Build.0 = Release|Any CPU
		{B9BA8840-3AB4-4771-81BF-E87B8B8EAA8F}.Debug|Any CPU.ActiveCfg = Debug|Any CPU
		{B9BA8840-3AB4-4771-81BF-E87B8B8EAA8F}.Debug|Any CPU.Build.0 = Debug|Any CPU
		{B9BA8840-3AB4-4771-81BF-E87B8B8EAA8F}.Debug|x86.ActiveCfg = Debug|Any CPU
		{B9BA8840-3AB4-4771-81BF-E87B8B8EAA8F}.Debug|x86.Build.0 = Debug|Any CPU
		{B9BA8840-3AB4-4771-81BF-E87B8B8EAA8F}.Release|Any CPU.ActiveCfg = Release|Any CPU
		{B9BA8840-3AB4-4771-81BF-E87B8B8EAA8F}.Release|Any CPU.Build.0 = Release|Any CPU
		{B9BA8840-3AB4-4771-81BF-E87B8B8EAA8F}.Release|x86.ActiveCfg = Release|Any CPU
		{B9BA8840-3AB4-4771-81BF-E87B8B8EAA8F}.Release|x86.Build.0 = Release|Any CPU
		{465EBCE0-F98E-4625-ACFB-F7D39559C5DA}.Debug|Any CPU.ActiveCfg = Debug|Any CPU
		{465EBCE0-F98E-4625-ACFB-F7D39559C5DA}.Debug|Any CPU.Build.0 = Debug|Any CPU
		{465EBCE0-F98E-4625-ACFB-F7D39559C5DA}.Debug|x86.ActiveCfg = Debug|Any CPU
		{465EBCE0-F98E-4625-ACFB-F7D39559C5DA}.Debug|x86.Build.0 = Debug|Any CPU
		{465EBCE0-F98E-4625-ACFB-F7D39559C5DA}.Release|Any CPU.ActiveCfg = Release|Any CPU
		{465EBCE0-F98E-4625-ACFB-F7D39559C5DA}.Release|Any CPU.Build.0 = Release|Any CPU
		{465EBCE0-F98E-4625-ACFB-F7D39559C5DA}.Release|x86.ActiveCfg = Release|Any CPU
		{465EBCE0-F98E-4625-ACFB-F7D39559C5DA}.Release|x86.Build.0 = Release|Any CPU
	EndGlobalSection
	GlobalSection(SolutionProperties) = preSolution
		HideSolutionNode = FALSE
	EndGlobalSection
	GlobalSection(NestedProjects) = preSolution
		{D94F5FEC-58E5-4C9F-9CD4-ED6BE24E94DA} = {6AFDA9EA-8EB9-420F-B48A-5A53E0096349}
		{55AE6F2B-97BD-449F-BDC4-182FDC68C86B} = {6AFDA9EA-8EB9-420F-B48A-5A53E0096349}
		{B9BA8840-3AB4-4771-81BF-E87B8B8EAA8F} = {6AFDA9EA-8EB9-420F-B48A-5A53E0096349}
		{465EBCE0-F98E-4625-ACFB-F7D39559C5DA} = {6AFDA9EA-8EB9-420F-B48A-5A53E0096349}
	EndGlobalSection
EndGlobal
